
Microsoft Visual Studio Solution File, Format Version 12.00
Project("{FAE04EC0-301F-11D3-BF4B-00C04F79EFBC}") = "ControlDamAdbdelillah", "ControlDamAdbdelillah\ControlDamAdbdelillah.csproj", "{3EA203F8-C4DB-42FA-98DC-1EE7033B57FE}"
EndProject
Global
	GlobalSection(SolutionConfigurationPlatforms) = preSolution
		Debug|Any CPU = Debug|Any CPU
		Release|Any CPU = Release|Any CPU
	EndGlobalSection
	GlobalSection(ProjectConfigurationPlatforms) = postSolution
		{3EA203F8-C4DB-42FA-98DC-1EE7033B57FE}.Debug|Any CPU.ActiveCfg = Debug|Any CPU
		{3EA203F8-C4DB-42FA-98DC-1EE7033B57FE}.Debug|Any CPU.Build.0 = Debug|Any CPU
		{3EA203F8-C4DB-42FA-98DC-1EE7033B57FE}.Release|Any CPU.ActiveCfg = Release|Any CPU
		{3EA203F8-C4DB-42FA-98DC-1EE7033B57FE}.Release|Any CPU.Build.0 = Release|Any CPU
	EndGlobalSection
EndGlobal
